// !$*UTF8*$!
{
	archiveVersion = 1;
	classes = {
	};
	objectVersion = 56;
	objects = {

/* Begin PBXBuildFile section */
		FD3F12AE2AD20E4B005F5BF5 /* Player.swift in Sources */ = {isa = PBXBuildFile; fileRef = FD3F12AD2AD20E4B005F5BF5 /* Player.swift */; };
		FD79285B2AB14D3700FF25CE /* UpNorthMolkkyApp.swift in Sources */ = {isa = PBXBuildFile; fileRef = FD79285A2AB14D3700FF25CE /* UpNorthMolkkyApp.swift */; };
		FD79285F2AB14D3700FF25CE /* Assets.xcassets in Resources */ = {isa = PBXBuildFile; fileRef = FD79285E2AB14D3700FF25CE /* Assets.xcassets */; };
		FD7928622AB14D3700FF25CE /* Preview Assets.xcassets in Resources */ = {isa = PBXBuildFile; fileRef = FD7928612AB14D3700FF25CE /* Preview Assets.xcassets */; };
		FD79286B2AB14E1600FF25CE /* ScoreboardView.swift in Sources */ = {isa = PBXBuildFile; fileRef = FD79286A2AB14E1600FF25CE /* ScoreboardView.swift */; };
		FD79286F2AB151DD00FF25CE /* ScoreKeyboardView.swift in Sources */ = {isa = PBXBuildFile; fileRef = FD79286E2AB151DD00FF25CE /* ScoreKeyboardView.swift */; };
		FD7928712AB15A0C00FF25CE /* PlayerScoresListView.swift in Sources */ = {isa = PBXBuildFile; fileRef = FD7928702AB15A0C00FF25CE /* PlayerScoresListView.swift */; };
		FD7928732AB15DE800FF25CE /* Contender.swift in Sources */ = {isa = PBXBuildFile; fileRef = FD7928722AB15DE800FF25CE /* Contender.swift */; };
		FD7928752AB166B200FF25CE /* ScoreHistoryView.swift in Sources */ = {isa = PBXBuildFile; fileRef = FD7928742AB166B200FF25CE /* ScoreHistoryView.swift */; };
		FD7928772AB1670600FF25CE /* ScoreControlsView.swift in Sources */ = {isa = PBXBuildFile; fileRef = FD7928762AB1670600FF25CE /* ScoreControlsView.swift */; };
		FD841A212AB6BEA700E4AD1B /* EditScoreSheet.swift in Sources */ = {isa = PBXBuildFile; fileRef = FD841A202AB6BEA700E4AD1B /* EditScoreSheet.swift */; };
		FD8F2E702AC2546B00A1A17C /* MedalView.swift in Sources */ = {isa = PBXBuildFile; fileRef = FD8F2E6F2AC2546B00A1A17C /* MedalView.swift */; };
		FD90A3A52BD1E23C00FCA297 /* PlayTabView.swift in Sources */ = {isa = PBXBuildFile; fileRef = FD90A3A42BD1E23C00FCA297 /* PlayTabView.swift */; };
		FD90A3A72BD1F78300FCA297 /* HistoryTabView.swift in Sources */ = {isa = PBXBuildFile; fileRef = FD90A3A62BD1F78300FCA297 /* HistoryTabView.swift */; };
		FD90A3A92BD35A9600FCA297 /* SlidingSelectionInput.swift in Sources */ = {isa = PBXBuildFile; fileRef = FD90A3A82BD35A9600FCA297 /* SlidingSelectionInput.swift */; };
		FD90A3AB2BD373F400FCA297 /* PlayTabCard.swift in Sources */ = {isa = PBXBuildFile; fileRef = FD90A3AA2BD373F400FCA297 /* PlayTabCard.swift */; };
		FD90A3AF2BD5DA5E00FCA297 /* HomeHeader.swift in Sources */ = {isa = PBXBuildFile; fileRef = FD90A3AE2BD5DA5E00FCA297 /* HomeHeader.swift */; };
		FD90A3B22BDB1E0B00FCA297 /* StatsTabView.swift in Sources */ = {isa = PBXBuildFile; fileRef = FD90A3B12BDB1E0A00FCA297 /* StatsTabView.swift */; };
		FD90BD022AB2872B00D7CF3B /* MolkkyRound.swift in Sources */ = {isa = PBXBuildFile; fileRef = FD90BD012AB2872B00D7CF3B /* MolkkyRound.swift */; };
		FD90BD042AB663FC00D7CF3B /* MolkkyStore.swift in Sources */ = {isa = PBXBuildFile; fileRef = FD90BD032AB663FC00D7CF3B /* MolkkyStore.swift */; };
		FD90BD062AB665A900D7CF3B /* RoundsView.swift in Sources */ = {isa = PBXBuildFile; fileRef = FD90BD052AB665A900D7CF3B /* RoundsView.swift */; };
		FD90BD082AB6673700D7CF3B /* ErrorWrapper.swift in Sources */ = {isa = PBXBuildFile; fileRef = FD90BD072AB6673700D7CF3B /* ErrorWrapper.swift */; };
		FD90BD0A2AB6677B00D7CF3B /* ErrorView.swift in Sources */ = {isa = PBXBuildFile; fileRef = FD90BD092AB6677B00D7CF3B /* ErrorView.swift */; };
		FD90BD0C2AB6686300D7CF3B /* CardView.swift in Sources */ = {isa = PBXBuildFile; fileRef = FD90BD0B2AB6686300D7CF3B /* CardView.swift */; };
		FD91B2F92AB92F8600EFE503 /* ScoreboardOptionsSheet.swift in Sources */ = {isa = PBXBuildFile; fileRef = FD91B2F82AB92F8600EFE503 /* ScoreboardOptionsSheet.swift */; };
		FD91B2FB2AB9532100EFE503 /* EditScoreHistorySheet.swift in Sources */ = {isa = PBXBuildFile; fileRef = FD91B2FA2AB9532100EFE503 /* EditScoreHistorySheet.swift */; };
		FD95BC472ABBE98C001A9CFF /* MissScoreView.swift in Sources */ = {isa = PBXBuildFile; fileRef = FD95BC462ABBE98C001A9CFF /* MissScoreView.swift */; };
		FD95BC492ABFA6A5001A9CFF /* PlayerRoundResults.swift in Sources */ = {isa = PBXBuildFile; fileRef = FD95BC482ABFA6A5001A9CFF /* PlayerRoundResults.swift */; };
		FD95BC4B2ABFA743001A9CFF /* SortToggleButton.swift in Sources */ = {isa = PBXBuildFile; fileRef = FD95BC4A2ABFA743001A9CFF /* SortToggleButton.swift */; };
		FD95BC512ABFC806001A9CFF /* PlayerScoreView.swift in Sources */ = {isa = PBXBuildFile; fileRef = FD95BC502ABFC806001A9CFF /* PlayerScoreView.swift */; };
		FD95BC672AC10AAE001A9CFF /* ShimmerBox.swift in Sources */ = {isa = PBXBuildFile; fileRef = FD95BC662AC10AAE001A9CFF /* ShimmerBox.swift */; };
		FD95BC6B2AC1264D001A9CFF /* PlayerScoreShimmerView.swift in Sources */ = {isa = PBXBuildFile; fileRef = FD95BC6A2AC1264D001A9CFF /* PlayerScoreShimmerView.swift */; };
		FD9A52172AC3B28C0082B9B7 /* MolkkyKeyboardController.swift in Sources */ = {isa = PBXBuildFile; fileRef = FD9A52162AC3B28C0082B9B7 /* MolkkyKeyboardController.swift */; };
		FD9A52192AC3B9320082B9B7 /* MolkkyKeyboardView.swift in Sources */ = {isa = PBXBuildFile; fileRef = FD9A52182AC3B9320082B9B7 /* MolkkyKeyboardView.swift */; };
		FD9EC8032BE2FDE600006205 /* HistoryTabSelector.swift in Sources */ = {isa = PBXBuildFile; fileRef = FD9EC8022BE2FDE600006205 /* HistoryTabSelector.swift */; };
		FD9EC8062BE31ADD00006205 /* MoreTabView.swift in Sources */ = {isa = PBXBuildFile; fileRef = FD9EC8052BE31ADD00006205 /* MoreTabView.swift */; };
		FDC0DF732BE45F570007EB32 /* AppPreferencesView.swift in Sources */ = {isa = PBXBuildFile; fileRef = FDC0DF722BE45F570007EB32 /* AppPreferencesView.swift */; };
		FDC0DF752BE4951E0007EB32 /* RulesView.swift in Sources */ = {isa = PBXBuildFile; fileRef = FDC0DF742BE4951E0007EB32 /* RulesView.swift */; };
		FDC0DF782BE592DA0007EB32 /* ColorSchemePicker.swift in Sources */ = {isa = PBXBuildFile; fileRef = FDC0DF772BE592DA0007EB32 /* ColorSchemePicker.swift */; };
		FDD8C7C72BBE180E0082B523 /* NewRoundSheet.swift in Sources */ = {isa = PBXBuildFile; fileRef = FDD8C7C62BBE180D0082B523 /* NewRoundSheet.swift */; };
		FDD8C7CA2BBE19090082B523 /* DetailEditView.swift in Sources */ = {isa = PBXBuildFile; fileRef = FDD8C7C92BBE19090082B523 /* DetailEditView.swift */; };
		FDD8C7CC2BBE20F90082B523 /* PlayerEditView.swift in Sources */ = {isa = PBXBuildFile; fileRef = FDD8C7CB2BBE20F90082B523 /* PlayerEditView.swift */; };
		FDD8C7D02BBF85940082B523 /* PlayerListView.swift in Sources */ = {isa = PBXBuildFile; fileRef = FDD8C7CF2BBF85940082B523 /* PlayerListView.swift */; };
		FDD8C7D22BBF861E0082B523 /* PlayerItemView.swift in Sources */ = {isa = PBXBuildFile; fileRef = FDD8C7D12BBF861E0082B523 /* PlayerItemView.swift */; };
		FDD8C7D52BBF99490082B523 /* PlayerOrderView.swift in Sources */ = {isa = PBXBuildFile; fileRef = FDD8C7D42BBF99490082B523 /* PlayerOrderView.swift */; };
		FDD8C7D72BBF9AC40082B523 /* PlayerOrderItemView.swift in Sources */ = {isa = PBXBuildFile; fileRef = FDD8C7D62BBF9AC40082B523 /* PlayerOrderItemView.swift */; };
		FDD8C7DA2BBF9E3B0082B523 /* GameRulesEditView.swift in Sources */ = {isa = PBXBuildFile; fileRef = FDD8C7D92BBF9E3B0082B523 /* GameRulesEditView.swift */; };
		FDD8C7DD2BC20BA90082B523 /* PlayerOrderEditView.swift in Sources */ = {isa = PBXBuildFile; fileRef = FDD8C7DC2BC20BA90082B523 /* PlayerOrderEditView.swift */; };
		FDD8C7DF2BC20CC10082B523 /* GameRulesView.swift in Sources */ = {isa = PBXBuildFile; fileRef = FDD8C7DE2BC20CC10082B523 /* GameRulesView.swift */; };
		FDD8C7E32BC23A770082B523 /* PlayersView.swift in Sources */ = {isa = PBXBuildFile; fileRef = FDD8C7E22BC23A770082B523 /* PlayersView.swift */; };
		FDD8C7E52BC242270082B523 /* PlayerDetailsView.swift in Sources */ = {isa = PBXBuildFile; fileRef = FDD8C7E42BC242270082B523 /* PlayerDetailsView.swift */; };
		FDD8C7E72BC8D42F0082B523 /* NumberInput.swift in Sources */ = {isa = PBXBuildFile; fileRef = FDD8C7E62BC8D42F0082B523 /* NumberInput.swift */; };
		FDD8C7EA2BC8D9AE0082B523 /* BarToggleInput.swift in Sources */ = {isa = PBXBuildFile; fileRef = FDD8C7E92BC8D9AE0082B523 /* BarToggleInput.swift */; };
		FDD8C7EC2BC8DEBE0082B523 /* CheckmarkToggleStyle.swift in Sources */ = {isa = PBXBuildFile; fileRef = FDD8C7EB2BC8DEBE0082B523 /* CheckmarkToggleStyle.swift */; };
		FDD8C7EE2BC8E8010082B523 /* PartyToggleStyle.swift in Sources */ = {isa = PBXBuildFile; fileRef = FDD8C7ED2BC8E8010082B523 /* PartyToggleStyle.swift */; };
		FDE03B2C2ACE2BD400A263A7 /* HomeView.swift in Sources */ = {isa = PBXBuildFile; fileRef = FDE03B2B2ACE2BD400A263A7 /* HomeView.swift */; };
/* End PBXBuildFile section */

/* Begin PBXFileReference section */
		FD3F12AD2AD20E4B005F5BF5 /* Player.swift */ = {isa = PBXFileReference; lastKnownFileType = sourcecode.swift; path = Player.swift; sourceTree = "<group>"; };
		FD7928572AB14D3700FF25CE /* UpNorthMolkky.app */ = {isa = PBXFileReference; explicitFileType = wrapper.application; includeInIndex = 0; path = UpNorthMolkky.app; sourceTree = BUILT_PRODUCTS_DIR; };
		FD79285A2AB14D3700FF25CE /* UpNorthMolkkyApp.swift */ = {isa = PBXFileReference; lastKnownFileType = sourcecode.swift; path = UpNorthMolkkyApp.swift; sourceTree = "<group>"; };
		FD79285E2AB14D3700FF25CE /* Assets.xcassets */ = {isa = PBXFileReference; lastKnownFileType = folder.assetcatalog; path = Assets.xcassets; sourceTree = "<group>"; };
		FD7928612AB14D3700FF25CE /* Preview Assets.xcassets */ = {isa = PBXFileReference; lastKnownFileType = folder.assetcatalog; path = "Preview Assets.xcassets"; sourceTree = "<group>"; };
		FD79286A2AB14E1600FF25CE /* ScoreboardView.swift */ = {isa = PBXFileReference; lastKnownFileType = sourcecode.swift; path = ScoreboardView.swift; sourceTree = "<group>"; };
		FD79286E2AB151DD00FF25CE /* ScoreKeyboardView.swift */ = {isa = PBXFileReference; lastKnownFileType = sourcecode.swift; path = ScoreKeyboardView.swift; sourceTree = "<group>"; };
		FD7928702AB15A0C00FF25CE /* PlayerScoresListView.swift */ = {isa = PBXFileReference; lastKnownFileType = sourcecode.swift; path = PlayerScoresListView.swift; sourceTree = "<group>"; };
		FD7928722AB15DE800FF25CE /* Contender.swift */ = {isa = PBXFileReference; lastKnownFileType = sourcecode.swift; path = Contender.swift; sourceTree = "<group>"; };
		FD7928742AB166B200FF25CE /* ScoreHistoryView.swift */ = {isa = PBXFileReference; lastKnownFileType = sourcecode.swift; path = ScoreHistoryView.swift; sourceTree = "<group>"; };
		FD7928762AB1670600FF25CE /* ScoreControlsView.swift */ = {isa = PBXFileReference; lastKnownFileType = sourcecode.swift; path = ScoreControlsView.swift; sourceTree = "<group>"; };
		FD841A202AB6BEA700E4AD1B /* EditScoreSheet.swift */ = {isa = PBXFileReference; lastKnownFileType = sourcecode.swift; path = EditScoreSheet.swift; sourceTree = "<group>"; };
		FD8F2E6F2AC2546B00A1A17C /* MedalView.swift */ = {isa = PBXFileReference; lastKnownFileType = sourcecode.swift; path = MedalView.swift; sourceTree = "<group>"; };
		FD90A3A42BD1E23C00FCA297 /* PlayTabView.swift */ = {isa = PBXFileReference; lastKnownFileType = sourcecode.swift; path = PlayTabView.swift; sourceTree = "<group>"; };
		FD90A3A62BD1F78300FCA297 /* HistoryTabView.swift */ = {isa = PBXFileReference; lastKnownFileType = sourcecode.swift; path = HistoryTabView.swift; sourceTree = "<group>"; };
		FD90A3A82BD35A9600FCA297 /* SlidingSelectionInput.swift */ = {isa = PBXFileReference; lastKnownFileType = sourcecode.swift; path = SlidingSelectionInput.swift; sourceTree = "<group>"; };
		FD90A3AA2BD373F400FCA297 /* PlayTabCard.swift */ = {isa = PBXFileReference; lastKnownFileType = sourcecode.swift; path = PlayTabCard.swift; sourceTree = "<group>"; };
		FD90A3AE2BD5DA5E00FCA297 /* HomeHeader.swift */ = {isa = PBXFileReference; lastKnownFileType = sourcecode.swift; path = HomeHeader.swift; sourceTree = "<group>"; };
		FD90A3B12BDB1E0A00FCA297 /* StatsTabView.swift */ = {isa = PBXFileReference; lastKnownFileType = sourcecode.swift; path = StatsTabView.swift; sourceTree = "<group>"; };
		FD90BD012AB2872B00D7CF3B /* MolkkyRound.swift */ = {isa = PBXFileReference; lastKnownFileType = sourcecode.swift; path = MolkkyRound.swift; sourceTree = "<group>"; };
		FD90BD032AB663FC00D7CF3B /* MolkkyStore.swift */ = {isa = PBXFileReference; lastKnownFileType = sourcecode.swift; path = MolkkyStore.swift; sourceTree = "<group>"; };
		FD90BD052AB665A900D7CF3B /* RoundsView.swift */ = {isa = PBXFileReference; lastKnownFileType = sourcecode.swift; path = RoundsView.swift; sourceTree = "<group>"; };
		FD90BD072AB6673700D7CF3B /* ErrorWrapper.swift */ = {isa = PBXFileReference; lastKnownFileType = sourcecode.swift; path = ErrorWrapper.swift; sourceTree = "<group>"; };
		FD90BD092AB6677B00D7CF3B /* ErrorView.swift */ = {isa = PBXFileReference; lastKnownFileType = sourcecode.swift; path = ErrorView.swift; sourceTree = "<group>"; };
		FD90BD0B2AB6686300D7CF3B /* CardView.swift */ = {isa = PBXFileReference; lastKnownFileType = sourcecode.swift; path = CardView.swift; sourceTree = "<group>"; };
		FD91B2F82AB92F8600EFE503 /* ScoreboardOptionsSheet.swift */ = {isa = PBXFileReference; lastKnownFileType = sourcecode.swift; path = ScoreboardOptionsSheet.swift; sourceTree = "<group>"; };
		FD91B2FA2AB9532100EFE503 /* EditScoreHistorySheet.swift */ = {isa = PBXFileReference; lastKnownFileType = sourcecode.swift; path = EditScoreHistorySheet.swift; sourceTree = "<group>"; };
		FD95BC462ABBE98C001A9CFF /* MissScoreView.swift */ = {isa = PBXFileReference; lastKnownFileType = sourcecode.swift; path = MissScoreView.swift; sourceTree = "<group>"; };
		FD95BC482ABFA6A5001A9CFF /* PlayerRoundResults.swift */ = {isa = PBXFileReference; lastKnownFileType = sourcecode.swift; path = PlayerRoundResults.swift; sourceTree = "<group>"; };
		FD95BC4A2ABFA743001A9CFF /* SortToggleButton.swift */ = {isa = PBXFileReference; lastKnownFileType = sourcecode.swift; path = SortToggleButton.swift; sourceTree = "<group>"; };
		FD95BC502ABFC806001A9CFF /* PlayerScoreView.swift */ = {isa = PBXFileReference; lastKnownFileType = sourcecode.swift; path = PlayerScoreView.swift; sourceTree = "<group>"; };
		FD95BC662AC10AAE001A9CFF /* ShimmerBox.swift */ = {isa = PBXFileReference; lastKnownFileType = sourcecode.swift; path = ShimmerBox.swift; sourceTree = "<group>"; };
		FD95BC6A2AC1264D001A9CFF /* PlayerScoreShimmerView.swift */ = {isa = PBXFileReference; lastKnownFileType = sourcecode.swift; path = PlayerScoreShimmerView.swift; sourceTree = "<group>"; };
		FD9A52162AC3B28C0082B9B7 /* MolkkyKeyboardController.swift */ = {isa = PBXFileReference; lastKnownFileType = sourcecode.swift; path = MolkkyKeyboardController.swift; sourceTree = "<group>"; };
		FD9A52182AC3B9320082B9B7 /* MolkkyKeyboardView.swift */ = {isa = PBXFileReference; lastKnownFileType = sourcecode.swift; path = MolkkyKeyboardView.swift; sourceTree = "<group>"; };
		FD9EC8022BE2FDE600006205 /* HistoryTabSelector.swift */ = {isa = PBXFileReference; lastKnownFileType = sourcecode.swift; path = HistoryTabSelector.swift; sourceTree = "<group>"; };
		FD9EC8052BE31ADD00006205 /* MoreTabView.swift */ = {isa = PBXFileReference; lastKnownFileType = sourcecode.swift; path = MoreTabView.swift; sourceTree = "<group>"; };
		FDC0DF722BE45F570007EB32 /* AppPreferencesView.swift */ = {isa = PBXFileReference; lastKnownFileType = sourcecode.swift; path = AppPreferencesView.swift; sourceTree = "<group>"; };
		FDC0DF742BE4951E0007EB32 /* RulesView.swift */ = {isa = PBXFileReference; lastKnownFileType = sourcecode.swift; path = RulesView.swift; sourceTree = "<group>"; };
		FDC0DF772BE592DA0007EB32 /* ColorSchemePicker.swift */ = {isa = PBXFileReference; lastKnownFileType = sourcecode.swift; path = ColorSchemePicker.swift; sourceTree = "<group>"; };
		FDD8C7C62BBE180D0082B523 /* NewRoundSheet.swift */ = {isa = PBXFileReference; lastKnownFileType = sourcecode.swift; path = NewRoundSheet.swift; sourceTree = "<group>"; };
		FDD8C7C92BBE19090082B523 /* DetailEditView.swift */ = {isa = PBXFileReference; lastKnownFileType = sourcecode.swift; path = DetailEditView.swift; sourceTree = "<group>"; };
		FDD8C7CB2BBE20F90082B523 /* PlayerEditView.swift */ = {isa = PBXFileReference; lastKnownFileType = sourcecode.swift; path = PlayerEditView.swift; sourceTree = "<group>"; };
		FDD8C7CF2BBF85940082B523 /* PlayerListView.swift */ = {isa = PBXFileReference; lastKnownFileType = sourcecode.swift; path = PlayerListView.swift; sourceTree = "<group>"; };
		FDD8C7D12BBF861E0082B523 /* PlayerItemView.swift */ = {isa = PBXFileReference; lastKnownFileType = sourcecode.swift; path = PlayerItemView.swift; sourceTree = "<group>"; };
		FDD8C7D42BBF99490082B523 /* PlayerOrderView.swift */ = {isa = PBXFileReference; lastKnownFileType = sourcecode.swift; path = PlayerOrderView.swift; sourceTree = "<group>"; };
		FDD8C7D62BBF9AC40082B523 /* PlayerOrderItemView.swift */ = {isa = PBXFileReference; lastKnownFileType = sourcecode.swift; path = PlayerOrderItemView.swift; sourceTree = "<group>"; };
		FDD8C7D92BBF9E3B0082B523 /* GameRulesEditView.swift */ = {isa = PBXFileReference; lastKnownFileType = sourcecode.swift; path = GameRulesEditView.swift; sourceTree = "<group>"; };
		FDD8C7DC2BC20BA90082B523 /* PlayerOrderEditView.swift */ = {isa = PBXFileReference; lastKnownFileType = sourcecode.swift; path = PlayerOrderEditView.swift; sourceTree = "<group>"; };
		FDD8C7DE2BC20CC10082B523 /* GameRulesView.swift */ = {isa = PBXFileReference; lastKnownFileType = sourcecode.swift; path = GameRulesView.swift; sourceTree = "<group>"; };
		FDD8C7E22BC23A770082B523 /* PlayersView.swift */ = {isa = PBXFileReference; lastKnownFileType = sourcecode.swift; path = PlayersView.swift; sourceTree = "<group>"; };
		FDD8C7E42BC242270082B523 /* PlayerDetailsView.swift */ = {isa = PBXFileReference; lastKnownFileType = sourcecode.swift; path = PlayerDetailsView.swift; sourceTree = "<group>"; };
		FDD8C7E62BC8D42F0082B523 /* NumberInput.swift */ = {isa = PBXFileReference; lastKnownFileType = sourcecode.swift; path = NumberInput.swift; sourceTree = "<group>"; };
		FDD8C7E92BC8D9AE0082B523 /* BarToggleInput.swift */ = {isa = PBXFileReference; lastKnownFileType = sourcecode.swift; path = BarToggleInput.swift; sourceTree = "<group>"; };
		FDD8C7EB2BC8DEBE0082B523 /* CheckmarkToggleStyle.swift */ = {isa = PBXFileReference; lastKnownFileType = sourcecode.swift; path = CheckmarkToggleStyle.swift; sourceTree = "<group>"; };
		FDD8C7ED2BC8E8010082B523 /* PartyToggleStyle.swift */ = {isa = PBXFileReference; lastKnownFileType = sourcecode.swift; path = PartyToggleStyle.swift; sourceTree = "<group>"; };
		FDE03B2B2ACE2BD400A263A7 /* HomeView.swift */ = {isa = PBXFileReference; lastKnownFileType = sourcecode.swift; path = HomeView.swift; sourceTree = "<group>"; };
/* End PBXFileReference section */

/* Begin PBXFrameworksBuildPhase section */
		FD7928542AB14D3700FF25CE /* Frameworks */ = {
			isa = PBXFrameworksBuildPhase;
			buildActionMask = 2147483647;
			files = (
			);
			runOnlyForDeploymentPostprocessing = 0;
		};
/* End PBXFrameworksBuildPhase section */

/* Begin PBXGroup section */
		FD79284E2AB14D3600FF25CE = {
			isa = PBXGroup;
			children = (
				FD7928592AB14D3700FF25CE /* UpNorthMolkky */,
				FD7928582AB14D3700FF25CE /* Products */,
			);
			sourceTree = "<group>";
		};
		FD7928582AB14D3700FF25CE /* Products */ = {
			isa = PBXGroup;
			children = (
				FD7928572AB14D3700FF25CE /* UpNorthMolkky.app */,
			);
			name = Products;
			sourceTree = "<group>";
		};
		FD7928592AB14D3700FF25CE /* UpNorthMolkky */ = {
			isa = PBXGroup;
			children = (
				FD7928692AB14DDF00FF25CE /* Models */,
				FD7928682AB14DC900FF25CE /* Views */,
				FD79285A2AB14D3700FF25CE /* UpNorthMolkkyApp.swift */,
				FD79285E2AB14D3700FF25CE /* Assets.xcassets */,
				FD7928602AB14D3700FF25CE /* Preview Content */,
			);
			path = UpNorthMolkky;
			sourceTree = "<group>";
		};
		FD7928602AB14D3700FF25CE /* Preview Content */ = {
			isa = PBXGroup;
			children = (
				FD7928612AB14D3700FF25CE /* Preview Assets.xcassets */,
			);
			path = "Preview Content";
			sourceTree = "<group>";
		};
		FD7928682AB14DC900FF25CE /* Views */ = {
			isa = PBXGroup;
			children = (
				FDD8C7E82BC8D9890082B523 /* common */,
				FD95BC4D2ABFAE0B001A9CFF /* Home */,
				FD95BC4E2ABFAE48001A9CFF /* Scoreboard */,
			);
			path = Views;
			sourceTree = "<group>";
		};
		FD7928692AB14DDF00FF25CE /* Models */ = {
			isa = PBXGroup;
			children = (
				FD3F12AD2AD20E4B005F5BF5 /* Player.swift */,
				FD7928722AB15DE800FF25CE /* Contender.swift */,
				FD90BD012AB2872B00D7CF3B /* MolkkyRound.swift */,
				FD90BD032AB663FC00D7CF3B /* MolkkyStore.swift */,
				FD90BD072AB6673700D7CF3B /* ErrorWrapper.swift */,
				FD95BC482ABFA6A5001A9CFF /* PlayerRoundResults.swift */,
			);
			path = Models;
			sourceTree = "<group>";
		};
		FD90A3A22BD1E17600FCA297 /* PlayTab */ = {
			isa = PBXGroup;
			children = (
				FDD8C7C82BBE18F40082B523 /* NewRoundSheet */,
				FD90A3A42BD1E23C00FCA297 /* PlayTabView.swift */,
			);
			path = PlayTab;
			sourceTree = "<group>";
		};
		FD90A3A32BD1E18700FCA297 /* HistoryTab */ = {
			isa = PBXGroup;
			children = (
				FD90A3B02BDB1DED00FCA297 /* StatsTab */,
				FDD8C7E12BC23A5E0082B523 /* PlayersTab */,
				FDD8C7E02BC239E20082B523 /* RoundsTab */,
				FD90A3A62BD1F78300FCA297 /* HistoryTabView.swift */,
				FD9EC8022BE2FDE600006205 /* HistoryTabSelector.swift */,
			);
			path = HistoryTab;
			sourceTree = "<group>";
		};
		FD90A3AC2BD5DA2600FCA297 /* HomeView */ = {
			isa = PBXGroup;
			children = (
				FDE03B2B2ACE2BD400A263A7 /* HomeView.swift */,
				FD90A3AE2BD5DA5E00FCA297 /* HomeHeader.swift */,
			);
			path = HomeView;
			sourceTree = "<group>";
		};
		FD90A3B02BDB1DED00FCA297 /* StatsTab */ = {
			isa = PBXGroup;
			children = (
				FD90A3B12BDB1E0A00FCA297 /* StatsTabView.swift */,
			);
			path = StatsTab;
			sourceTree = "<group>";
		};
		FD95BC4D2ABFAE0B001A9CFF /* Home */ = {
			isa = PBXGroup;
			children = (
				FD9EC8042BE31A9500006205 /* MoreTab */,
				FD90A3AC2BD5DA2600FCA297 /* HomeView */,
				FD90A3A32BD1E18700FCA297 /* HistoryTab */,
				FD90A3A22BD1E17600FCA297 /* PlayTab */,
				FD90BD092AB6677B00D7CF3B /* ErrorView.swift */,
			);
			path = Home;
			sourceTree = "<group>";
		};
		FD95BC4E2ABFAE48001A9CFF /* Scoreboard */ = {
			isa = PBXGroup;
			children = (
				FD95BC552AC08AE3001A9CFF /* Input */,
				FD95BC542AC08AD9001A9CFF /* PlayerList */,
				FD79286A2AB14E1600FF25CE /* ScoreboardView.swift */,
				FD91B2F82AB92F8600EFE503 /* ScoreboardOptionsSheet.swift */,
				FD95BC4A2ABFA743001A9CFF /* SortToggleButton.swift */,
			);
			path = Scoreboard;
			sourceTree = "<group>";
		};
		FD95BC542AC08AD9001A9CFF /* PlayerList */ = {
			isa = PBXGroup;
			children = (
				FD7928702AB15A0C00FF25CE /* PlayerScoresListView.swift */,
				FD95BC502ABFC806001A9CFF /* PlayerScoreView.swift */,
				FD95BC462ABBE98C001A9CFF /* MissScoreView.swift */,
				FD95BC662AC10AAE001A9CFF /* ShimmerBox.swift */,
				FD95BC6A2AC1264D001A9CFF /* PlayerScoreShimmerView.swift */,
				FD8F2E6F2AC2546B00A1A17C /* MedalView.swift */,
			);
			path = PlayerList;
			sourceTree = "<group>";
		};
		FD95BC552AC08AE3001A9CFF /* Input */ = {
			isa = PBXGroup;
			children = (
				FD7928762AB1670600FF25CE /* ScoreControlsView.swift */,
				FD79286E2AB151DD00FF25CE /* ScoreKeyboardView.swift */,
				FD7928742AB166B200FF25CE /* ScoreHistoryView.swift */,
				FD841A202AB6BEA700E4AD1B /* EditScoreSheet.swift */,
				FD91B2FA2AB9532100EFE503 /* EditScoreHistorySheet.swift */,
				FD95BC562AC08B3F001A9CFF /* UIInputView */,
			);
			path = Input;
			sourceTree = "<group>";
		};
		FD95BC562AC08B3F001A9CFF /* UIInputView */ = {
			isa = PBXGroup;
			children = (
				FD9A52162AC3B28C0082B9B7 /* MolkkyKeyboardController.swift */,
				FD9A52182AC3B9320082B9B7 /* MolkkyKeyboardView.swift */,
			);
			path = UIInputView;
			sourceTree = "<group>";
		};
		FD9EC8042BE31A9500006205 /* MoreTab */ = {
			isa = PBXGroup;
			children = (
				FDC0DF712BE45F310007EB32 /* Views */,
				FD9EC8052BE31ADD00006205 /* MoreTabView.swift */,
			);
			path = MoreTab;
			sourceTree = "<group>";
		};
		FDC0DF712BE45F310007EB32 /* Views */ = {
			isa = PBXGroup;
			children = (
				FDC0DF762BE592C30007EB32 /* AppPreferences */,
				FDC0DF742BE4951E0007EB32 /* RulesView.swift */,
			);
			path = Views;
			sourceTree = "<group>";
		};
		FDC0DF762BE592C30007EB32 /* AppPreferences */ = {
			isa = PBXGroup;
			children = (
				FDC0DF722BE45F570007EB32 /* AppPreferencesView.swift */,
				FDC0DF772BE592DA0007EB32 /* ColorSchemePicker.swift */,
			);
			path = AppPreferences;
			sourceTree = "<group>";
		};
		FDD8C7C82BBE18F40082B523 /* NewRoundSheet */ = {
			isa = PBXGroup;
			children = (
				FDD8C7DB2BC20AFC0082B523 /* ChoosePlayerEditView */,
				FDD8C7D82BBF9E170082B523 /* GameRulesEditView */,
				FDD8C7D32BBF992B0082B523 /* PlayerOrderEditView */,
				FDD8C7C62BBE180D0082B523 /* NewRoundSheet.swift */,
				FDD8C7C92BBE19090082B523 /* DetailEditView.swift */,
			);
			path = NewRoundSheet;
			sourceTree = "<group>";
		};
		FDD8C7D32BBF992B0082B523 /* PlayerOrderEditView */ = {
			isa = PBXGroup;
			children = (
				FDD8C7D42BBF99490082B523 /* PlayerOrderView.swift */,
				FDD8C7D62BBF9AC40082B523 /* PlayerOrderItemView.swift */,
				FDD8C7DC2BC20BA90082B523 /* PlayerOrderEditView.swift */,
			);
			path = PlayerOrderEditView;
			sourceTree = "<group>";
		};
		FDD8C7D82BBF9E170082B523 /* GameRulesEditView */ = {
			isa = PBXGroup;
			children = (
				FDD8C7D92BBF9E3B0082B523 /* GameRulesEditView.swift */,
				FDD8C7DE2BC20CC10082B523 /* GameRulesView.swift */,
			);
			path = GameRulesEditView;
			sourceTree = "<group>";
		};
		FDD8C7DB2BC20AFC0082B523 /* ChoosePlayerEditView */ = {
			isa = PBXGroup;
			children = (
				FDD8C7D12BBF861E0082B523 /* PlayerItemView.swift */,
				FDD8C7CF2BBF85940082B523 /* PlayerListView.swift */,
				FDD8C7CB2BBE20F90082B523 /* PlayerEditView.swift */,
			);
			path = ChoosePlayerEditView;
			sourceTree = "<group>";
		};
		FDD8C7E02BC239E20082B523 /* RoundsTab */ = {
			isa = PBXGroup;
			children = (
				FD90BD0B2AB6686300D7CF3B /* CardView.swift */,
				FD90BD052AB665A900D7CF3B /* RoundsView.swift */,
			);
			path = RoundsTab;
			sourceTree = "<group>";
		};
		FDD8C7E12BC23A5E0082B523 /* PlayersTab */ = {
			isa = PBXGroup;
			children = (
				FD90A3AA2BD373F400FCA297 /* PlayTabCard.swift */,
				FDD8C7E22BC23A770082B523 /* PlayersView.swift */,
				FDD8C7E42BC242270082B523 /* PlayerDetailsView.swift */,
			);
			path = PlayersTab;
			sourceTree = "<group>";
		};
		FDD8C7E82BC8D9890082B523 /* common */ = {
			isa = PBXGroup;
			children = (
				FDD8C7E62BC8D42F0082B523 /* NumberInput.swift */,
				FDD8C7E92BC8D9AE0082B523 /* BarToggleInput.swift */,
				FDD8C7EB2BC8DEBE0082B523 /* CheckmarkToggleStyle.swift */,
				FDD8C7ED2BC8E8010082B523 /* PartyToggleStyle.swift */,
				FD90A3A82BD35A9600FCA297 /* SlidingSelectionInput.swift */,
			);
			path = common;
			sourceTree = "<group>";
		};
/* End PBXGroup section */

/* Begin PBXNativeTarget section */
		FD7928562AB14D3700FF25CE /* UpNorthMolkky */ = {
			isa = PBXNativeTarget;
			buildConfigurationList = FD7928652AB14D3700FF25CE /* Build configuration list for PBXNativeTarget "UpNorthMolkky" */;
			buildPhases = (
				FD7928532AB14D3700FF25CE /* Sources */,
				FD7928542AB14D3700FF25CE /* Frameworks */,
				FD7928552AB14D3700FF25CE /* Resources */,
			);
			buildRules = (
			);
			dependencies = (
			);
			name = UpNorthMolkky;
			packageProductDependencies = (
			);
			productName = UpNorthMolkky;
			productReference = FD7928572AB14D3700FF25CE /* UpNorthMolkky.app */;
			productType = "com.apple.product-type.application";
		};
/* End PBXNativeTarget section */

/* Begin PBXProject section */
		FD79284F2AB14D3600FF25CE /* Project object */ = {
			isa = PBXProject;
			attributes = {
				BuildIndependentTargetsInParallel = 1;
				LastSwiftUpdateCheck = 1430;
				LastUpgradeCheck = 1500;
				TargetAttributes = {
					FD7928562AB14D3700FF25CE = {
						CreatedOnToolsVersion = 14.3.1;
					};
				};
			};
			buildConfigurationList = FD7928522AB14D3600FF25CE /* Build configuration list for PBXProject "UpNorthMolkky" */;
			compatibilityVersion = "Xcode 14.0";
			developmentRegion = en;
			hasScannedForEncodings = 0;
			knownRegions = (
				en,
				Base,
			);
			mainGroup = FD79284E2AB14D3600FF25CE;
			packageReferences = (
			);
			productRefGroup = FD7928582AB14D3700FF25CE /* Products */;
			projectDirPath = "";
			projectRoot = "";
			targets = (
				FD7928562AB14D3700FF25CE /* UpNorthMolkky */,
			);
		};
/* End PBXProject section */

/* Begin PBXResourcesBuildPhase section */
		FD7928552AB14D3700FF25CE /* Resources */ = {
			isa = PBXResourcesBuildPhase;
			buildActionMask = 2147483647;
			files = (
				FD7928622AB14D3700FF25CE /* Preview Assets.xcassets in Resources */,
				FD79285F2AB14D3700FF25CE /* Assets.xcassets in Resources */,
			);
			runOnlyForDeploymentPostprocessing = 0;
		};
/* End PBXResourcesBuildPhase section */

/* Begin PBXSourcesBuildPhase section */
		FD7928532AB14D3700FF25CE /* Sources */ = {
			isa = PBXSourcesBuildPhase;
			buildActionMask = 2147483647;
			files = (
				FDD8C7E52BC242270082B523 /* PlayerDetailsView.swift in Sources */,
				FDE03B2C2ACE2BD400A263A7 /* HomeView.swift in Sources */,
				FDD8C7DD2BC20BA90082B523 /* PlayerOrderEditView.swift in Sources */,
				FD8F2E702AC2546B00A1A17C /* MedalView.swift in Sources */,
				FD91B2F92AB92F8600EFE503 /* ScoreboardOptionsSheet.swift in Sources */,
				FDD8C7DF2BC20CC10082B523 /* GameRulesView.swift in Sources */,
				FD7928772AB1670600FF25CE /* ScoreControlsView.swift in Sources */,
				FD95BC672AC10AAE001A9CFF /* ShimmerBox.swift in Sources */,
				FD95BC512ABFC806001A9CFF /* PlayerScoreView.swift in Sources */,
				FD90A3AF2BD5DA5E00FCA297 /* HomeHeader.swift in Sources */,
				FDD8C7E32BC23A770082B523 /* PlayersView.swift in Sources */,
				FD7928712AB15A0C00FF25CE /* PlayerScoresListView.swift in Sources */,
				FD79285B2AB14D3700FF25CE /* UpNorthMolkkyApp.swift in Sources */,
				FD90A3B22BDB1E0B00FCA297 /* StatsTabView.swift in Sources */,
				FDC0DF782BE592DA0007EB32 /* ColorSchemePicker.swift in Sources */,
				FDD8C7CC2BBE20F90082B523 /* PlayerEditView.swift in Sources */,
				FD90BD082AB6673700D7CF3B /* ErrorWrapper.swift in Sources */,
				FD3F12AE2AD20E4B005F5BF5 /* Player.swift in Sources */,
				FD90BD022AB2872B00D7CF3B /* MolkkyRound.swift in Sources */,
				FDD8C7EE2BC8E8010082B523 /* PartyToggleStyle.swift in Sources */,
				FD9EC8032BE2FDE600006205 /* HistoryTabSelector.swift in Sources */,
				FD79286F2AB151DD00FF25CE /* ScoreKeyboardView.swift in Sources */,
				FD79286B2AB14E1600FF25CE /* ScoreboardView.swift in Sources */,
				FD95BC6B2AC1264D001A9CFF /* PlayerScoreShimmerView.swift in Sources */,
				FDD8C7DA2BBF9E3B0082B523 /* GameRulesEditView.swift in Sources */,
				FD90BD0C2AB6686300D7CF3B /* CardView.swift in Sources */,
				FDD8C7C72BBE180E0082B523 /* NewRoundSheet.swift in Sources */,
				FD95BC492ABFA6A5001A9CFF /* PlayerRoundResults.swift in Sources */,
				FD90BD0A2AB6677B00D7CF3B /* ErrorView.swift in Sources */,
				FDD8C7EC2BC8DEBE0082B523 /* CheckmarkToggleStyle.swift in Sources */,
				FDC0DF732BE45F570007EB32 /* AppPreferencesView.swift in Sources */,
				FD7928752AB166B200FF25CE /* ScoreHistoryView.swift in Sources */,
				FD90A3A52BD1E23C00FCA297 /* PlayTabView.swift in Sources */,
				FD9A52192AC3B9320082B9B7 /* MolkkyKeyboardView.swift in Sources */,
				FDD8C7E72BC8D42F0082B523 /* NumberInput.swift in Sources */,
				FDD8C7D52BBF99490082B523 /* PlayerOrderView.swift in Sources */,
				FDD8C7CA2BBE19090082B523 /* DetailEditView.swift in Sources */,
				FD91B2FB2AB9532100EFE503 /* EditScoreHistorySheet.swift in Sources */,
				FD90A3A92BD35A9600FCA297 /* SlidingSelectionInput.swift in Sources */,
				FDD8C7EA2BC8D9AE0082B523 /* BarToggleInput.swift in Sources */,
				FD90A3A72BD1F78300FCA297 /* HistoryTabView.swift in Sources */,
				FDC0DF752BE4951E0007EB32 /* RulesView.swift in Sources */,
				FD90BD042AB663FC00D7CF3B /* MolkkyStore.swift in Sources */,
				FD7928732AB15DE800FF25CE /* Contender.swift in Sources */,
				FD95BC472ABBE98C001A9CFF /* MissScoreView.swift in Sources */,
				FD841A212AB6BEA700E4AD1B /* EditScoreSheet.swift in Sources */,
				FDD8C7D22BBF861E0082B523 /* PlayerItemView.swift in Sources */,
				FD90A3AB2BD373F400FCA297 /* PlayTabCard.swift in Sources */,
				FD9A52172AC3B28C0082B9B7 /* MolkkyKeyboardController.swift in Sources */,
				FDD8C7D02BBF85940082B523 /* PlayerListView.swift in Sources */,
				FD9EC8062BE31ADD00006205 /* MoreTabView.swift in Sources */,
				FD90BD062AB665A900D7CF3B /* RoundsView.swift in Sources */,
				FD95BC4B2ABFA743001A9CFF /* SortToggleButton.swift in Sources */,
				FDD8C7D72BBF9AC40082B523 /* PlayerOrderItemView.swift in Sources */,
			);
			runOnlyForDeploymentPostprocessing = 0;
		};
/* End PBXSourcesBuildPhase section */

/* Begin XCBuildConfiguration section */
		FD7928632AB14D3700FF25CE /* Debug */ = {
			isa = XCBuildConfiguration;
			buildSettings = {
				ALWAYS_SEARCH_USER_PATHS = NO;
				CLANG_ANALYZER_NONNULL = YES;
				CLANG_ANALYZER_NUMBER_OBJECT_CONVERSION = YES_AGGRESSIVE;
				CLANG_CXX_LANGUAGE_STANDARD = "gnu++20";
				CLANG_ENABLE_MODULES = YES;
				CLANG_ENABLE_OBJC_ARC = YES;
				CLANG_ENABLE_OBJC_WEAK = YES;
				CLANG_WARN_BLOCK_CAPTURE_AUTORELEASING = YES;
				CLANG_WARN_BOOL_CONVERSION = YES;
				CLANG_WARN_COMMA = YES;
				CLANG_WARN_CONSTANT_CONVERSION = YES;
				CLANG_WARN_DEPRECATED_OBJC_IMPLEMENTATIONS = YES;
				CLANG_WARN_DIRECT_OBJC_ISA_USAGE = YES_ERROR;
				CLANG_WARN_DOCUMENTATION_COMMENTS = YES;
				CLANG_WARN_EMPTY_BODY = YES;
				CLANG_WARN_ENUM_CONVERSION = YES;
				CLANG_WARN_INFINITE_RECURSION = YES;
				CLANG_WARN_INT_CONVERSION = YES;
				CLANG_WARN_NON_LITERAL_NULL_CONVERSION = YES;
				CLANG_WARN_OBJC_IMPLICIT_RETAIN_SELF = YES;
				CLANG_WARN_OBJC_LITERAL_CONVERSION = YES;
				CLANG_WARN_OBJC_ROOT_CLASS = YES_ERROR;
				CLANG_WARN_QUOTED_INCLUDE_IN_FRAMEWORK_HEADER = YES;
				CLANG_WARN_RANGE_LOOP_ANALYSIS = YES;
				CLANG_WARN_STRICT_PROTOTYPES = YES;
				CLANG_WARN_SUSPICIOUS_MOVE = YES;
				CLANG_WARN_UNGUARDED_AVAILABILITY = YES_AGGRESSIVE;
				CLANG_WARN_UNREACHABLE_CODE = YES;
				CLANG_WARN__DUPLICATE_METHOD_MATCH = YES;
				COPY_PHASE_STRIP = NO;
				DEBUG_INFORMATION_FORMAT = dwarf;
				ENABLE_STRICT_OBJC_MSGSEND = YES;
				ENABLE_TESTABILITY = YES;
				ENABLE_USER_SCRIPT_SANDBOXING = YES;
				GCC_C_LANGUAGE_STANDARD = gnu11;
				GCC_DYNAMIC_NO_PIC = NO;
				GCC_NO_COMMON_BLOCKS = YES;
				GCC_OPTIMIZATION_LEVEL = 0;
				GCC_PREPROCESSOR_DEFINITIONS = (
					"DEBUG=1",
					"$(inherited)",
				);
				GCC_WARN_64_TO_32_BIT_CONVERSION = YES;
				GCC_WARN_ABOUT_RETURN_TYPE = YES_ERROR;
				GCC_WARN_UNDECLARED_SELECTOR = YES;
				GCC_WARN_UNINITIALIZED_AUTOS = YES_AGGRESSIVE;
				GCC_WARN_UNUSED_FUNCTION = YES;
				GCC_WARN_UNUSED_VARIABLE = YES;
				IPHONEOS_DEPLOYMENT_TARGET = 17.0;
				MTL_ENABLE_DEBUG_INFO = INCLUDE_SOURCE;
				MTL_FAST_MATH = YES;
				ONLY_ACTIVE_ARCH = YES;
				SDKROOT = iphoneos;
				SWIFT_ACTIVE_COMPILATION_CONDITIONS = DEBUG;
				SWIFT_OPTIMIZATION_LEVEL = "-Onone";
			};
			name = Debug;
		};
		FD7928642AB14D3700FF25CE /* Release */ = {
			isa = XCBuildConfiguration;
			buildSettings = {
				ALWAYS_SEARCH_USER_PATHS = NO;
				CLANG_ANALYZER_NONNULL = YES;
				CLANG_ANALYZER_NUMBER_OBJECT_CONVERSION = YES_AGGRESSIVE;
				CLANG_CXX_LANGUAGE_STANDARD = "gnu++20";
				CLANG_ENABLE_MODULES = YES;
				CLANG_ENABLE_OBJC_ARC = YES;
				CLANG_ENABLE_OBJC_WEAK = YES;
				CLANG_WARN_BLOCK_CAPTURE_AUTORELEASING = YES;
				CLANG_WARN_BOOL_CONVERSION = YES;
				CLANG_WARN_COMMA = YES;
				CLANG_WARN_CONSTANT_CONVERSION = YES;
				CLANG_WARN_DEPRECATED_OBJC_IMPLEMENTATIONS = YES;
				CLANG_WARN_DIRECT_OBJC_ISA_USAGE = YES_ERROR;
				CLANG_WARN_DOCUMENTATION_COMMENTS = YES;
				CLANG_WARN_EMPTY_BODY = YES;
				CLANG_WARN_ENUM_CONVERSION = YES;
				CLANG_WARN_INFINITE_RECURSION = YES;
				CLANG_WARN_INT_CONVERSION = YES;
				CLANG_WARN_NON_LITERAL_NULL_CONVERSION = YES;
				CLANG_WARN_OBJC_IMPLICIT_RETAIN_SELF = YES;
				CLANG_WARN_OBJC_LITERAL_CONVERSION = YES;
				CLANG_WARN_OBJC_ROOT_CLASS = YES_ERROR;
				CLANG_WARN_QUOTED_INCLUDE_IN_FRAMEWORK_HEADER = YES;
				CLANG_WARN_RANGE_LOOP_ANALYSIS = YES;
				CLANG_WARN_STRICT_PROTOTYPES = YES;
				CLANG_WARN_SUSPICIOUS_MOVE = YES;
				CLANG_WARN_UNGUARDED_AVAILABILITY = YES_AGGRESSIVE;
				CLANG_WARN_UNREACHABLE_CODE = YES;
				CLANG_WARN__DUPLICATE_METHOD_MATCH = YES;
				COPY_PHASE_STRIP = NO;
				DEBUG_INFORMATION_FORMAT = "dwarf-with-dsym";
				ENABLE_NS_ASSERTIONS = NO;
				ENABLE_STRICT_OBJC_MSGSEND = YES;
				ENABLE_USER_SCRIPT_SANDBOXING = YES;
				GCC_C_LANGUAGE_STANDARD = gnu11;
				GCC_NO_COMMON_BLOCKS = YES;
				GCC_WARN_64_TO_32_BIT_CONVERSION = YES;
				GCC_WARN_ABOUT_RETURN_TYPE = YES_ERROR;
				GCC_WARN_UNDECLARED_SELECTOR = YES;
				GCC_WARN_UNINITIALIZED_AUTOS = YES_AGGRESSIVE;
				GCC_WARN_UNUSED_FUNCTION = YES;
				GCC_WARN_UNUSED_VARIABLE = YES;
				IPHONEOS_DEPLOYMENT_TARGET = 17.0;
				MTL_ENABLE_DEBUG_INFO = NO;
				MTL_FAST_MATH = YES;
				SDKROOT = iphoneos;
				SWIFT_COMPILATION_MODE = wholemodule;
				SWIFT_OPTIMIZATION_LEVEL = "-O";
				VALIDATE_PRODUCT = YES;
			};
			name = Release;
		};
		FD7928662AB14D3700FF25CE /* Debug */ = {
			isa = XCBuildConfiguration;
			buildSettings = {
				ASSETCATALOG_COMPILER_APPICON_NAME = AppIcon;
				ASSETCATALOG_COMPILER_GLOBAL_ACCENT_COLOR_NAME = AccentColor;
				CODE_SIGN_STYLE = Automatic;
				CURRENT_PROJECT_VERSION = 1;
				DEVELOPMENT_ASSET_PATHS = "\"UpNorthMolkky/Preview Content\"";
				DEVELOPMENT_TEAM = 8589P259F3;
				ENABLE_PREVIEWS = YES;
				GENERATE_INFOPLIST_FILE = YES;
				INFOPLIST_KEY_CFBundleDisplayName = Skittle;
				INFOPLIST_KEY_LSApplicationCategoryType = "public.app-category.sports";
				INFOPLIST_KEY_UIApplicationSceneManifest_Generation = YES;
				INFOPLIST_KEY_UIApplicationSupportsIndirectInputEvents = YES;
				INFOPLIST_KEY_UILaunchScreen_Generation = YES;
				INFOPLIST_KEY_UISupportedInterfaceOrientations_iPad = "UIInterfaceOrientationPortrait UIInterfaceOrientationPortraitUpsideDown UIInterfaceOrientationLandscapeLeft UIInterfaceOrientationLandscapeRight";
				INFOPLIST_KEY_UISupportedInterfaceOrientations_iPhone = "UIInterfaceOrientationPortrait UIInterfaceOrientationLandscapeLeft UIInterfaceOrientationLandscapeRight";
				LD_RUNPATH_SEARCH_PATHS = (
					"$(inherited)",
					"@executable_path/Frameworks",
				);
				MARKETING_VERSION = 1.0;
				PRODUCT_BUNDLE_IDENTIFIER = alifonti.UpNorthMolkky;
				PRODUCT_NAME = "$(TARGET_NAME)";
				SWIFT_EMIT_LOC_STRINGS = YES;
				SWIFT_VERSION = 5.0;
				TARGETED_DEVICE_FAMILY = "1,2";
			};
			name = Debug;
		};
		FD7928672AB14D3700FF25CE /* Release */ = {
			isa = XCBuildConfiguration;
			buildSettings = {
				ASSETCATALOG_COMPILER_APPICON_NAME = AppIcon;
				ASSETCATALOG_COMPILER_GLOBAL_ACCENT_COLOR_NAME = AccentColor;
				CODE_SIGN_STYLE = Automatic;
				CURRENT_PROJECT_VERSION = 1;
				DEVELOPMENT_ASSET_PATHS = "\"UpNorthMolkky/Preview Content\"";
				DEVELOPMENT_TEAM = 8589P259F3;
				ENABLE_PREVIEWS = YES;
				GENERATE_INFOPLIST_FILE = YES;
				INFOPLIST_KEY_CFBundleDisplayName = Skittle;
				INFOPLIST_KEY_LSApplicationCategoryType = "public.app-category.sports";
				INFOPLIST_KEY_UIApplicationSceneManifest_Generation = YES;
				INFOPLIST_KEY_UIApplicationSupportsIndirectInputEvents = YES;
				INFOPLIST_KEY_UILaunchScreen_Generation = YES;
				INFOPLIST_KEY_UISupportedInterfaceOrientations_iPad = "UIInterfaceOrientationPortrait UIInterfaceOrientationPortraitUpsideDown UIInterfaceOrientationLandscapeLeft UIInterfaceOrientationLandscapeRight";
				INFOPLIST_KEY_UISupportedInterfaceOrientations_iPhone = "UIInterfaceOrientationPortrait UIInterfaceOrientationLandscapeLeft UIInterfaceOrientationLandscapeRight";
				LD_RUNPATH_SEARCH_PATHS = (
					"$(inherited)",
					"@executable_path/Frameworks",
				);
				MARKETING_VERSION = 1.0;
				PRODUCT_BUNDLE_IDENTIFIER = alifonti.UpNorthMolkky;
				PRODUCT_NAME = "$(TARGET_NAME)";
				SWIFT_EMIT_LOC_STRINGS = YES;
				SWIFT_VERSION = 5.0;
				TARGETED_DEVICE_FAMILY = "1,2";
			};
			name = Release;
		};
/* End XCBuildConfiguration section */

/* Begin XCConfigurationList section */
		FD7928522AB14D3600FF25CE /* Build configuration list for PBXProject "UpNorthMolkky" */ = {
			isa = XCConfigurationList;
			buildConfigurations = (
				FD7928632AB14D3700FF25CE /* Debug */,
				FD7928642AB14D3700FF25CE /* Release */,
			);
			defaultConfigurationIsVisible = 0;
			defaultConfigurationName = Release;
		};
		FD7928652AB14D3700FF25CE /* Build configuration list for PBXNativeTarget "UpNorthMolkky" */ = {
			isa = XCConfigurationList;
			buildConfigurations = (
				FD7928662AB14D3700FF25CE /* Debug */,
				FD7928672AB14D3700FF25CE /* Release */,
			);
			defaultConfigurationIsVisible = 0;
			defaultConfigurationName = Release;
		};
/* End XCConfigurationList section */
	};
	rootObject = FD79284F2AB14D3600FF25CE /* Project object */;
}
